
Microsoft Visual Studio Solution File, Format Version 12.00
# Visual Studio Version 16
VisualStudioVersion = 16.0.29806.167
MinimumVisualStudioVersion = 10.0.40219.1
Project("{9A19103F-16F7-4668-BE54-9A1E7A4F7556}") = "AreaCalc", "AreaCalc\AreaCalc.csproj", "{FD968EB0-159C-4C9B-B3A6-6C9DD8895069}"
EndProject
Project("{FAE04EC0-301F-11D3-BF4B-00C04F79EFBC}") = "AreaCalcTests", "AreaCalcTests\AreaCalcTests.csproj", "{7AC3EC88-EEF9-4AB1-866D-9A2C440CFE19}"
EndProject
Global
	GlobalSection(SolutionConfigurationPlatforms) = preSolution
		Debug|Any CPU = Debug|Any CPU
		Release|Any CPU = Release|Any CPU
	EndGlobalSection
	GlobalSection(ProjectConfigurationPlatforms) = postSolution
		{FD968EB0-159C-4C9B-B3A6-6C9DD8895069}.Debug|Any CPU.ActiveCfg = Debug|Any CPU
		{FD968EB0-159C-4C9B-B3A6-6C9DD8895069}.Debug|Any CPU.Build.0 = Debug|Any CPU
		{FD968EB0-159C-4C9B-B3A6-6C9DD8895069}.Release|Any CPU.ActiveCfg = Release|Any CPU
		{FD968EB0-159C-4C9B-B3A6-6C9DD8895069}.Release|Any CPU.Build.0 = Release|Any CPU
		{7AC3EC88-EEF9-4AB1-866D-9A2C440CFE19}.Debug|Any CPU.ActiveCfg = Debug|Any CPU
		{7AC3EC88-EEF9-4AB1-866D-9A2C440CFE19}.Debug|Any CPU.Build.0 = Debug|Any CPU
		{7AC3EC88-EEF9-4AB1-866D-9A2C440CFE19}.Release|Any CPU.ActiveCfg = Release|Any CPU
		{7AC3EC88-EEF9-4AB1-866D-9A2C440CFE19}.Release|Any CPU.Build.0 = Release|Any CPU
	EndGlobalSection
	GlobalSection(SolutionProperties) = preSolution
		HideSolutionNode = FALSE
	EndGlobalSection
	GlobalSection(ExtensibilityGlobals) = postSolution
		SolutionGuid = {460A9F8B-BBAE-45E7-AC98-BA53CAC3C591}
	EndGlobalSection
EndGlobal
